{
  "name": "gns3-mood-angular-ui",
  "version": "1.0.0",
  "lockfileVersion": 1,
  "requires": true,
  "dependencies": {
    "@fortawesome/fontawesome": {
      "version": "1.1.8",
      "resolved": "https://registry.npmjs.org/@fortawesome/fontawesome/-/fontawesome-1.1.8.tgz",
      "integrity": "sha512-c0/MtkPVT0fmiFcCyYoPjkG9PkMOvfrZw2+0BaJ+Rh6UEcK1AR/LaRgrHHjUkbAbs9LXxQJhFS8CJ4uSnK2+JA==",
      "requires": {
        "@fortawesome/fontawesome-common-types": "^0.1.7"
      }
    },
    "@fortawesome/fontawesome-common-types": {
      "version": "0.1.7",
      "resolved": "https://registry.npmjs.org/@fortawesome/fontawesome-common-types/-/fontawesome-common-types-0.1.7.tgz",
      "integrity": "sha512-ego8jRVSHfq/iq4KRZJKQeUAdi3ZjGNrqw4oPN3fNdvTBnLCSntwVCnc37bsAJP9UB8MhrTfPnZYxkv2vpS4pg=="
    },
    "@fortawesome/fontawesome-free-solid": {
      "version": "5.0.13",
      "resolved": "https://registry.npmjs.org/@fortawesome/fontawesome-free-solid/-/fontawesome-free-solid-5.0.13.tgz",
      "integrity": "sha512-b+krVnqkdDt52Yfev0x0ZZgtxBQsLw00Zfa3uaVWIDzpNZVtrEXuxldUSUaN/ihgGhSNi8VpvDAdNPVgCKOSxw==",
      "requires": {
        "@fortawesome/fontawesome-common-types": "^0.1.7"
      }
    },
    "@shopify/draggable": {
      "version": "1.0.0-beta.7",
      "resolved": "https://registry.npmjs.org/@shopify/draggable/-/draggable-1.0.0-beta.7.tgz",
      "integrity": "sha512-xNHOcZScvRWfvPeCFyX0JRCuzJuzX1OSjIoJbTb8vYSkHrmw2nEKtnRQZa4p7SIGMxNC7LE50TPWl0J7XV6D0g=="
    },
    "bulma": {
      "version": "0.7.1",
      "resolved": "https://registry.npmjs.org/bulma/-/bulma-0.7.1.tgz",
      "integrity": "sha512-wRSO2LXB+qI9Pyz2id+uZr4quz5aftSN7Ay1ysr1+krzVp3utD+Ci4CeKuZdrYGc800t65b7heXBL6qw2Wo/lQ=="
    }
  }
}
